
Microsoft Visual Studio Solution File, Format Version 12.00
# Visual Studio 15
VisualStudioVersion = 15.0.28010.2050
MinimumVisualStudioVersion = 10.0.40219.1
Project("{FAE04EC0-301F-11D3-BF4B-00C04F79EFBC}") = "HackAssembler", "HackAssembler\HackAssembler.csproj", "{1CAAD9EF-1C86-4505-8DCF-7BAA80230316}"
EndProject
Global
	GlobalSection(SolutionConfigurationPlatforms) = preSolution
		Debug|Any CPU = Debug|Any CPU
		Release|Any CPU = Release|Any CPU
	EndGlobalSection
	GlobalSection(ProjectConfigurationPlatforms) = postSolution
		{1CAAD9EF-1C86-4505-8DCF-7BAA80230316}.Debug|Any CPU.ActiveCfg = Debug|Any CPU
		{1CAAD9EF-1C86-4505-8DCF-7BAA80230316}.Debug|Any CPU.Build.0 = Debug|Any CPU
		{1CAAD9EF-1C86-4505-8DCF-7BAA80230316}.Release|Any CPU.ActiveCfg = Release|Any CPU
		{1CAAD9EF-1C86-4505-8DCF-7BAA80230316}.Release|Any CPU.Build.0 = Release|Any CPU
	EndGlobalSection
	GlobalSection(SolutionProperties) = preSolution
		HideSolutionNode = FALSE
	EndGlobalSection
	GlobalSection(ExtensibilityGlobals) = postSolution
		SolutionGuid = {B153FB45-01EF-4E87-B9E9-5155E44920BF}
	EndGlobalSection
EndGlobal
